{
  "name": "blockchain-node-workspace",
  "version": "0.1.0",
  "lockfileVersion": 1,
  "requires": true,
  "dependencies": {
    "octopus": {
      "version": "git+http://github.com/privatesky/octopus.git#3352daa92b05deda52de17e9c57a0cc62590ae29",
      "from": "git+http://github.com/privatesky/octopus.git"
    }
  }
}
